
Microsoft Visual Studio Solution File, Format Version 12.00
# Visual Studio Version 16
VisualStudioVersion = 16.0.31205.134
MinimumVisualStudioVersion = 10.0.40219.1
Project("{FAE04EC0-301F-11D3-BF4B-00C04F79EFBC}") = "Project", "Project\Project.csproj", "{89C834FD-AFC6-44F0-AF9C-373102597CFF}"
EndProject
Global
	GlobalSection(SolutionConfigurationPlatforms) = preSolution
		Debug|Any CPU = Debug|Any CPU
		Release|Any CPU = Release|Any CPU
	EndGlobalSection
	GlobalSection(ProjectConfigurationPlatforms) = postSolution
		{89C834FD-AFC6-44F0-AF9C-373102597CFF}.Debug|Any CPU.ActiveCfg = Debug|Any CPU
		{89C834FD-AFC6-44F0-AF9C-373102597CFF}.Debug|Any CPU.Build.0 = Debug|Any CPU
		{89C834FD-AFC6-44F0-AF9C-373102597CFF}.Release|Any CPU.ActiveCfg = Release|Any CPU
		{89C834FD-AFC6-44F0-AF9C-373102597CFF}.Release|Any CPU.Build.0 = Release|Any CPU
	EndGlobalSection
	GlobalSection(SolutionProperties) = preSolution
		HideSolutionNode = FALSE
	EndGlobalSection
	GlobalSection(ExtensibilityGlobals) = postSolution
		SolutionGuid = {5FA3870B-0484-4FAE-B2DD-4485537E15C2}
	EndGlobalSection
EndGlobal
